
Microsoft Visual Studio Solution File, Format Version 12.00
# Visual Studio Version 17
VisualStudioVersion = 17.10.35013.160
MinimumVisualStudioVersion = 10.0.40219.1
Project("{FAE04EC0-301F-11D3-BF4B-00C04F79EFBC}") = "SmartPoultry", "SmartPoultry\SmartPoultry.csproj", "{40A5D23D-0319-40DA-877E-31D2A06E08EE}"
EndProject
Global
	GlobalSection(SolutionConfigurationPlatforms) = preSolution
		Debug|Any CPU = Debug|Any CPU
		Release|Any CPU = Release|Any CPU
	EndGlobalSection
	GlobalSection(ProjectConfigurationPlatforms) = postSolution
		{40A5D23D-0319-40DA-877E-31D2A06E08EE}.Debug|Any CPU.ActiveCfg = Debug|Any CPU
		{40A5D23D-0319-40DA-877E-31D2A06E08EE}.Debug|Any CPU.Build.0 = Debug|Any CPU
		{40A5D23D-0319-40DA-877E-31D2A06E08EE}.Release|Any CPU.ActiveCfg = Release|Any CPU
		{40A5D23D-0319-40DA-877E-31D2A06E08EE}.Release|Any CPU.Build.0 = Release|Any CPU
	EndGlobalSection
	GlobalSection(SolutionProperties) = preSolution
		HideSolutionNode = FALSE
	EndGlobalSection
	GlobalSection(ExtensibilityGlobals) = postSolution
		SolutionGuid = {35B405F4-EC26-4E0F-9BED-953080B8FD04}
	EndGlobalSection
EndGlobal
